// !$*UTF8*$!
{
	archiveVersion = 1;
	classes = {
	};
	objectVersion = 56;
	objects = {

/* Begin PBXBuildFile section */
		13FF4BFF2C7197D0001ABF70 /* TheMovieAppApp.swift in Sources */ = {isa = PBXBuildFile; fileRef = 13FF4BFE2C7197D0001ABF70 /* TheMovieAppApp.swift */; };
		13FF4C012C7197D0001ABF70 /* ContentView.swift in Sources */ = {isa = PBXBuildFile; fileRef = 13FF4C002C7197D0001ABF70 /* ContentView.swift */; };
		13FF4C032C7197D1001ABF70 /* Assets.xcassets in Resources */ = {isa = PBXBuildFile; fileRef = 13FF4C022C7197D1001ABF70 /* Assets.xcassets */; };
		13FF4C062C7197D1001ABF70 /* Preview Assets.xcassets in Resources */ = {isa = PBXBuildFile; fileRef = 13FF4C052C7197D1001ABF70 /* Preview Assets.xcassets */; };
		13FF4C102C7197D1001ABF70 /* TheMovieAppTests.swift in Sources */ = {isa = PBXBuildFile; fileRef = 13FF4C0F2C7197D1001ABF70 /* TheMovieAppTests.swift */; };
		13FF4C1A2C7197D2001ABF70 /* TheMovieAppUITests.swift in Sources */ = {isa = PBXBuildFile; fileRef = 13FF4C192C7197D2001ABF70 /* TheMovieAppUITests.swift */; };
		13FF4C1C2C7197D2001ABF70 /* TheMovieAppUITestsLaunchTests.swift in Sources */ = {isa = PBXBuildFile; fileRef = 13FF4C1B2C7197D2001ABF70 /* TheMovieAppUITestsLaunchTests.swift */; };
/* End PBXBuildFile section */

/* Begin PBXContainerItemProxy section */
		13FF4C0C2C7197D1001ABF70 /* PBXContainerItemProxy */ = {
			isa = PBXContainerItemProxy;
			containerPortal = 13FF4BF32C7197D0001ABF70 /* Project object */;
			proxyType = 1;
			remoteGlobalIDString = 13FF4BFA2C7197D0001ABF70;
			remoteInfo = TheMovieApp;
		};
		13FF4C162C7197D1001ABF70 /* PBXContainerItemProxy */ = {
			isa = PBXContainerItemProxy;
			containerPortal = 13FF4BF32C7197D0001ABF70 /* Project object */;
			proxyType = 1;
			remoteGlobalIDString = 13FF4BFA2C7197D0001ABF70;
			remoteInfo = TheMovieApp;
		};
/* End PBXContainerItemProxy section */

/* Begin PBXFileReference section */
		13FF4BFB2C7197D0001ABF70 /* TheMovieApp.app */ = {isa = PBXFileReference; explicitFileType = wrapper.application; includeInIndex = 0; path = TheMovieApp.app; sourceTree = BUILT_PRODUCTS_DIR; };
		13FF4BFE2C7197D0001ABF70 /* TheMovieAppApp.swift */ = {isa = PBXFileReference; lastKnownFileType = sourcecode.swift; path = TheMovieAppApp.swift; sourceTree = "<group>"; };
		13FF4C002C7197D0001ABF70 /* ContentView.swift */ = {isa = PBXFileReference; lastKnownFileType = sourcecode.swift; path = ContentView.swift; sourceTree = "<group>"; };
		13FF4C022C7197D1001ABF70 /* Assets.xcassets */ = {isa = PBXFileReference; lastKnownFileType = folder.assetcatalog; path = Assets.xcassets; sourceTree = "<group>"; };
		13FF4C052C7197D1001ABF70 /* Preview Assets.xcassets */ = {isa = PBXFileReference; lastKnownFileType = folder.assetcatalog; path = "Preview Assets.xcassets"; sourceTree = "<group>"; };
		13FF4C0B2C7197D1001ABF70 /* TheMovieAppTests.xctest */ = {isa = PBXFileReference; explicitFileType = wrapper.cfbundle; includeInIndex = 0; path = TheMovieAppTests.xctest; sourceTree = BUILT_PRODUCTS_DIR; };
		13FF4C0F2C7197D1001ABF70 /* TheMovieAppTests.swift */ = {isa = PBXFileReference; lastKnownFileType = sourcecode.swift; path = TheMovieAppTests.swift; sourceTree = "<group>"; };
		13FF4C152C7197D1001ABF70 /* TheMovieAppUITests.xctest */ = {isa = PBXFileReference; explicitFileType = wrapper.cfbundle; includeInIndex = 0; path = TheMovieAppUITests.xctest; sourceTree = BUILT_PRODUCTS_DIR; };
		13FF4C192C7197D2001ABF70 /* TheMovieAppUITests.swift */ = {isa = PBXFileReference; lastKnownFileType = sourcecode.swift; path = TheMovieAppUITests.swift; sourceTree = "<group>"; };
		13FF4C1B2C7197D2001ABF70 /* TheMovieAppUITestsLaunchTests.swift */ = {isa = PBXFileReference; lastKnownFileType = sourcecode.swift; path = TheMovieAppUITestsLaunchTests.swift; sourceTree = "<group>"; };
/* End PBXFileReference section */

/* Begin PBXFrameworksBuildPhase section */
		13FF4BF82C7197D0001ABF70 /* Frameworks */ = {
			isa = PBXFrameworksBuildPhase;
			buildActionMask = 2147483647;
			files = (
			);
			runOnlyForDeploymentPostprocessing = 0;
		};
		13FF4C082C7197D1001ABF70 /* Frameworks */ = {
			isa = PBXFrameworksBuildPhase;
			buildActionMask = 2147483647;
			files = (
			);
			runOnlyForDeploymentPostprocessing = 0;
		};
		13FF4C122C7197D1001ABF70 /* Frameworks */ = {
			isa = PBXFrameworksBuildPhase;
			buildActionMask = 2147483647;
			files = (
			);
			runOnlyForDeploymentPostprocessing = 0;
		};
/* End PBXFrameworksBuildPhase section */

/* Begin PBXGroup section */
		13FF4BF22C7197D0001ABF70 = {
			isa = PBXGroup;
			children = (
				13FF4BFD2C7197D0001ABF70 /* TheMovieApp */,
				13FF4C0E2C7197D1001ABF70 /* TheMovieAppTests */,
				13FF4C182C7197D2001ABF70 /* TheMovieAppUITests */,
				13FF4BFC2C7197D0001ABF70 /* Products */,
			);
			sourceTree = "<group>";
		};
		13FF4BFC2C7197D0001ABF70 /* Products */ = {
			isa = PBXGroup;
			children = (
				13FF4BFB2C7197D0001ABF70 /* TheMovieApp.app */,
				13FF4C0B2C7197D1001ABF70 /* TheMovieAppTests.xctest */,
				13FF4C152C7197D1001ABF70 /* TheMovieAppUITests.xctest */,
			);
			name = Products;
			sourceTree = "<group>";
		};
		13FF4BFD2C7197D0001ABF70 /* TheMovieApp */ = {
			isa = PBXGroup;
			children = (
				13FF4BFE2C7197D0001ABF70 /* TheMovieAppApp.swift */,
				13FF4C002C7197D0001ABF70 /* ContentView.swift */,
				13FF4C022C7197D1001ABF70 /* Assets.xcassets */,
				13FF4C042C7197D1001ABF70 /* Preview Content */,
			);
			path = TheMovieApp;
			sourceTree = "<group>";
		};
		13FF4C042C7197D1001ABF70 /* Preview Content */ = {
			isa = PBXGroup;
			children = (
				13FF4C052C7197D1001ABF70 /* Preview Assets.xcassets */,
			);
			path = "Preview Content";
			sourceTree = "<group>";
		};
		13FF4C0E2C7197D1001ABF70 /* TheMovieAppTests */ = {
			isa = PBXGroup;
			children = (
				13FF4C0F2C7197D1001ABF70 /* TheMovieAppTests.swift */,
			);
			path = TheMovieAppTests;
			sourceTree = "<group>";
		};
		13FF4C182C7197D2001ABF70 /* TheMovieAppUITests */ = {
			isa = PBXGroup;
			children = (
				13FF4C192C7197D2001ABF70 /* TheMovieAppUITests.swift */,
				13FF4C1B2C7197D2001ABF70 /* TheMovieAppUITestsLaunchTests.swift */,
			);
			path = TheMovieAppUITests;
			sourceTree = "<group>";
		};
/* End PBXGroup section */

/* Begin PBXNativeTarget section */
		13FF4BFA2C7197D0001ABF70 /* TheMovieApp */ = {
			isa = PBXNativeTarget;
			buildConfigurationList = 13FF4C1F2C7197D2001ABF70 /* Build configuration list for PBXNativeTarget "TheMovieApp" */;
			buildPhases = (
				13FF4BF72C7197D0001ABF70 /* Sources */,
				13FF4BF82C7197D0001ABF70 /* Frameworks */,
				13FF4BF92C7197D0001ABF70 /* Resources */,
			);
			buildRules = (
			);
			dependencies = (
			);
			name = TheMovieApp;
			productName = TheMovieApp;
			productReference = 13FF4BFB2C7197D0001ABF70 /* TheMovieApp.app */;
			productType = "com.apple.product-type.application";
		};
		13FF4C0A2C7197D1001ABF70 /* TheMovieAppTests */ = {
			isa = PBXNativeTarget;
			buildConfigurationList = 13FF4C222C7197D2001ABF70 /* Build configuration list for PBXNativeTarget "TheMovieAppTests" */;
			buildPhases = (
				13FF4C072C7197D1001ABF70 /* Sources */,
				13FF4C082C7197D1001ABF70 /* Frameworks */,
				13FF4C092C7197D1001ABF70 /* Resources */,
			);
			buildRules = (
			);
			dependencies = (
				13FF4C0D2C7197D1001ABF70 /* PBXTargetDependency */,
			);
			name = TheMovieAppTests;
			productName = TheMovieAppTests;
			productReference = 13FF4C0B2C7197D1001ABF70 /* TheMovieAppTests.xctest */;
			productType = "com.apple.product-type.bundle.unit-test";
		};
		13FF4C142C7197D1001ABF70 /* TheMovieAppUITests */ = {
			isa = PBXNativeTarget;
			buildConfigurationList = 13FF4C252C7197D2001ABF70 /* Build configuration list for PBXNativeTarget "TheMovieAppUITests" */;
			buildPhases = (
				13FF4C112C7197D1001ABF70 /* Sources */,
				13FF4C122C7197D1001ABF70 /* Frameworks */,
				13FF4C132C7197D1001ABF70 /* Resources */,
			);
			buildRules = (
			);
			dependencies = (
				13FF4C172C7197D1001ABF70 /* PBXTargetDependency */,
			);
			name = TheMovieAppUITests;
			productName = TheMovieAppUITests;
			productReference = 13FF4C152C7197D1001ABF70 /* TheMovieAppUITests.xctest */;
			productType = "com.apple.product-type.bundle.ui-testing";
		};
/* End PBXNativeTarget section */

/* Begin PBXProject section */
		13FF4BF32C7197D0001ABF70 /* Project object */ = {
			isa = PBXProject;
			attributes = {
				BuildIndependentTargetsInParallel = 1;
				LastSwiftUpdateCheck = 1540;
				LastUpgradeCheck = 1540;
				TargetAttributes = {
					13FF4BFA2C7197D0001ABF70 = {
						CreatedOnToolsVersion = 15.4;
					};
					13FF4C0A2C7197D1001ABF70 = {
						CreatedOnToolsVersion = 15.4;
						TestTargetID = 13FF4BFA2C7197D0001ABF70;
					};
					13FF4C142C7197D1001ABF70 = {
						CreatedOnToolsVersion = 15.4;
						TestTargetID = 13FF4BFA2C7197D0001ABF70;
					};
				};
			};
			buildConfigurationList = 13FF4BF62C7197D0001ABF70 /* Build configuration list for PBXProject "TheMovieApp" */;
			compatibilityVersion = "Xcode 14.0";
			developmentRegion = en;
			hasScannedForEncodings = 0;
			knownRegions = (
				en,
				Base,
			);
			mainGroup = 13FF4BF22C7197D0001ABF70;
			productRefGroup = 13FF4BFC2C7197D0001ABF70 /* Products */;
			projectDirPath = "";
			projectRoot = "";
			targets = (
				13FF4BFA2C7197D0001ABF70 /* TheMovieApp */,
				13FF4C0A2C7197D1001ABF70 /* TheMovieAppTests */,
				13FF4C142C7197D1001ABF70 /* TheMovieAppUITests */,
			);
		};
/* End PBXProject section */

/* Begin PBXResourcesBuildPhase section */
		13FF4BF92C7197D0001ABF70 /* Resources */ = {
			isa = PBXResourcesBuildPhase;
			buildActionMask = 2147483647;
			files = (
				13FF4C062C7197D1001ABF70 /* Preview Assets.xcassets in Resources */,
				13FF4C032C7197D1001ABF70 /* Assets.xcassets in Resources */,
			);
			runOnlyForDeploymentPostprocessing = 0;
		};
		13FF4C092C7197D1001ABF70 /* Resources */ = {
			isa = PBXResourcesBuildPhase;
			buildActionMask = 2147483647;
			files = (
			);
			runOnlyForDeploymentPostprocessing = 0;
		};
		13FF4C132C7197D1001ABF70 /* Resources */ = {
			isa = PBXResourcesBuildPhase;
			buildActionMask = 2147483647;
			files = (
			);
			runOnlyForDeploymentPostprocessing = 0;
		};
/* End PBXResourcesBuildPhase section */

/* Begin PBXSourcesBuildPhase section */
		13FF4BF72C7197D0001ABF70 /* Sources */ = {
			isa = PBXSourcesBuildPhase;
			buildActionMask = 2147483647;
			files = (
				13FF4C012C7197D0001ABF70 /* ContentView.swift in Sources */,
				13FF4BFF2C7197D0001ABF70 /* TheMovieAppApp.swift in Sources */,
			);
			runOnlyForDeploymentPostprocessing = 0;
		};
		13FF4C072C7197D1001ABF70 /* Sources */ = {
			isa = PBXSourcesBuildPhase;
			buildActionMask = 2147483647;
			files = (
				13FF4C102C7197D1001ABF70 /* TheMovieAppTests.swift in Sources */,
			);
			runOnlyForDeploymentPostprocessing = 0;
		};
		13FF4C112C7197D1001ABF70 /* Sources */ = {
			isa = PBXSourcesBuildPhase;
			buildActionMask = 2147483647;
			files = (
				13FF4C1A2C7197D2001ABF70 /* TheMovieAppUITests.swift in Sources */,
				13FF4C1C2C7197D2001ABF70 /* TheMovieAppUITestsLaunchTests.swift in Sources */,
			);
			runOnlyForDeploymentPostprocessing = 0;
		};
/* End PBXSourcesBuildPhase section */

/* Begin PBXTargetDependency section */
		13FF4C0D2C7197D1001ABF70 /* PBXTargetDependency */ = {
			isa = PBXTargetDependency;
			target = 13FF4BFA2C7197D0001ABF70 /* TheMovieApp */;
			targetProxy = 13FF4C0C2C7197D1001ABF70 /* PBXContainerItemProxy */;
		};
		13FF4C172C7197D1001ABF70 /* PBXTargetDependency */ = {
			isa = PBXTargetDependency;
			target = 13FF4BFA2C7197D0001ABF70 /* TheMovieApp */;
			targetProxy = 13FF4C162C7197D1001ABF70 /* PBXContainerItemProxy */;
		};
/* End PBXTargetDependency section */

/* Begin XCBuildConfiguration section */
		13FF4C1D2C7197D2001ABF70 /* Debug */ = {
			isa = XCBuildConfiguration;
			buildSettings = {
				ALWAYS_SEARCH_USER_PATHS = NO;
				ASSETCATALOG_COMPILER_GENERATE_SWIFT_ASSET_SYMBOL_EXTENSIONS = YES;
				CLANG_ANALYZER_NONNULL = YES;
				CLANG_ANALYZER_NUMBER_OBJECT_CONVERSION = YES_AGGRESSIVE;
				CLANG_CXX_LANGUAGE_STANDARD = "gnu++20";
				CLANG_ENABLE_MODULES = YES;
				CLANG_ENABLE_OBJC_ARC = YES;
				CLANG_ENABLE_OBJC_WEAK = YES;
				CLANG_WARN_BLOCK_CAPTURE_AUTORELEASING = YES;
				CLANG_WARN_BOOL_CONVERSION = YES;
				CLANG_WARN_COMMA = YES;
				CLANG_WARN_CONSTANT_CONVERSION = YES;
				CLANG_WARN_DEPRECATED_OBJC_IMPLEMENTATIONS = YES;
				CLANG_WARN_DIRECT_OBJC_ISA_USAGE = YES_ERROR;
				CLANG_WARN_DOCUMENTATION_COMMENTS = YES;
				CLANG_WARN_EMPTY_BODY = YES;
				CLANG_WARN_ENUM_CONVERSION = YES;
				CLANG_WARN_INFINITE_RECURSION = YES;
				CLANG_WARN_INT_CONVERSION = YES;
				CLANG_WARN_NON_LITERAL_NULL_CONVERSION = YES;
				CLANG_WARN_OBJC_IMPLICIT_RETAIN_SELF = YES;
				CLANG_WARN_OBJC_LITERAL_CONVERSION = YES;
				CLANG_WARN_OBJC_ROOT_CLASS = YES_ERROR;
				CLANG_WARN_QUOTED_INCLUDE_IN_FRAMEWORK_HEADER = YES;
				CLANG_WARN_RANGE_LOOP_ANALYSIS = YES;
				CLANG_WARN_STRICT_PROTOTYPES = YES;
				CLANG_WARN_SUSPICIOUS_MOVE = YES;
				CLANG_WARN_UNGUARDED_AVAILABILITY = YES_AGGRESSIVE;
				CLANG_WARN_UNREACHABLE_CODE = YES;
				CLANG_WARN__DUPLICATE_METHOD_MATCH = YES;
				COPY_PHASE_STRIP = NO;
				DEBUG_INFORMATION_FORMAT = dwarf;
				ENABLE_STRICT_OBJC_MSGSEND = YES;
				ENABLE_TESTABILITY = YES;
				ENABLE_USER_SCRIPT_SANDBOXING = YES;
				GCC_C_LANGUAGE_STANDARD = gnu17;
				GCC_DYNAMIC_NO_PIC = NO;
				GCC_NO_COMMON_BLOCKS = YES;
				GCC_OPTIMIZATION_LEVEL = 0;
				GCC_PREPROCESSOR_DEFINITIONS = (
					"DEBUG=1",
					"$(inherited)",
				);
				GCC_WARN_64_TO_32_BIT_CONVERSION = YES;
				GCC_WARN_ABOUT_RETURN_TYPE = YES_ERROR;
				GCC_WARN_UNDECLARED_SELECTOR = YES;
				GCC_WARN_UNINITIALIZED_AUTOS = YES_AGGRESSIVE;
				GCC_WARN_UNUSED_FUNCTION = YES;
				GCC_WARN_UNUSED_VARIABLE = YES;
				IPHONEOS_DEPLOYMENT_TARGET = 17.5;
				LOCALIZATION_PREFERS_STRING_CATALOGS = YES;
				MTL_ENABLE_DEBUG_INFO = INCLUDE_SOURCE;
				MTL_FAST_MATH = YES;
				ONLY_ACTIVE_ARCH = YES;
				SDKROOT = iphoneos;
				SWIFT_ACTIVE_COMPILATION_CONDITIONS = "DEBUG $(inherited)";
				SWIFT_OPTIMIZATION_LEVEL = "-Onone";
			};
			name = Debug;
		};
		13FF4C1E2C7197D2001ABF70 /* Release */ = {
			isa = XCBuildConfiguration;
			buildSettings = {
				ALWAYS_SEARCH_USER_PATHS = NO;
				ASSETCATALOG_COMPILER_GENERATE_SWIFT_ASSET_SYMBOL_EXTENSIONS = YES;
				CLANG_ANALYZER_NONNULL = YES;
				CLANG_ANALYZER_NUMBER_OBJECT_CONVERSION = YES_AGGRESSIVE;
				CLANG_CXX_LANGUAGE_STANDARD = "gnu++20";
				CLANG_ENABLE_MODULES = YES;
				CLANG_ENABLE_OBJC_ARC = YES;
				CLANG_ENABLE_OBJC_WEAK = YES;
				CLANG_WARN_BLOCK_CAPTURE_AUTORELEASING = YES;
				CLANG_WARN_BOOL_CONVERSION = YES;
				CLANG_WARN_COMMA = YES;
				CLANG_WARN_CONSTANT_CONVERSION = YES;
				CLANG_WARN_DEPRECATED_OBJC_IMPLEMENTATIONS = YES;
				CLANG_WARN_DIRECT_OBJC_ISA_USAGE = YES_ERROR;
				CLANG_WARN_DOCUMENTATION_COMMENTS = YES;
				CLANG_WARN_EMPTY_BODY = YES;
				CLANG_WARN_ENUM_CONVERSION = YES;
				CLANG_WARN_INFINITE_RECURSION = YES;
				CLANG_WARN_INT_CONVERSION = YES;
				CLANG_WARN_NON_LITERAL_NULL_CONVERSION = YES;
				CLANG_WARN_OBJC_IMPLICIT_RETAIN_SELF = YES;
				CLANG_WARN_OBJC_LITERAL_CONVERSION = YES;
				CLANG_WARN_OBJC_ROOT_CLASS = YES_ERROR;
				CLANG_WARN_QUOTED_INCLUDE_IN_FRAMEWORK_HEADER = YES;
				CLANG_WARN_RANGE_LOOP_ANALYSIS = YES;
				CLANG_WARN_STRICT_PROTOTYPES = YES;
				CLANG_WARN_SUSPICIOUS_MOVE = YES;
				CLANG_WARN_UNGUARDED_AVAILABILITY = YES_AGGRESSIVE;
				CLANG_WARN_UNREACHABLE_CODE = YES;
				CLANG_WARN__DUPLICATE_METHOD_MATCH = YES;
				COPY_PHASE_STRIP = NO;
				DEBUG_INFORMATION_FORMAT = "dwarf-with-dsym";
				ENABLE_NS_ASSERTIONS = NO;
				ENABLE_STRICT_OBJC_MSGSEND = YES;
				ENABLE_USER_SCRIPT_SANDBOXING = YES;
				GCC_C_LANGUAGE_STANDARD = gnu17;
				GCC_NO_COMMON_BLOCKS = YES;
				GCC_WARN_64_TO_32_BIT_CONVERSION = YES;
				GCC_WARN_ABOUT_RETURN_TYPE = YES_ERROR;
				GCC_WARN_UNDECLARED_SELECTOR = YES;
				GCC_WARN_UNINITIALIZED_AUTOS = YES_AGGRESSIVE;
				GCC_WARN_UNUSED_FUNCTION = YES;
				GCC_WARN_UNUSED_VARIABLE = YES;
				IPHONEOS_DEPLOYMENT_TARGET = 17.5;
				LOCALIZATION_PREFERS_STRING_CATALOGS = YES;
				MTL_ENABLE_DEBUG_INFO = NO;
				MTL_FAST_MATH = YES;
				SDKROOT = iphoneos;
				SWIFT_COMPILATION_MODE = wholemodule;
				VALIDATE_PRODUCT = YES;
			};
			name = Release;
		};
		13FF4C202C7197D2001ABF70 /* Debug */ = {
			isa = XCBuildConfiguration;
			buildSettings = {
				ASSETCATALOG_COMPILER_APPICON_NAME = AppIcon;
				ASSETCATALOG_COMPILER_GLOBAL_ACCENT_COLOR_NAME = AccentColor;
				CODE_SIGN_STYLE = Automatic;
				CURRENT_PROJECT_VERSION = 1;
				DEVELOPMENT_ASSET_PATHS = "\"TheMovieApp/Preview Content\"";
				ENABLE_PREVIEWS = YES;
				GENERATE_INFOPLIST_FILE = YES;
				INFOPLIST_KEY_UIApplicationSceneManifest_Generation = YES;
				INFOPLIST_KEY_UIApplicationSupportsIndirectInputEvents = YES;
				INFOPLIST_KEY_UILaunchScreen_Generation = YES;
				INFOPLIST_KEY_UISupportedInterfaceOrientations_iPad = "UIInterfaceOrientationPortrait UIInterfaceOrientationPortraitUpsideDown UIInterfaceOrientationLandscapeLeft UIInterfaceOrientationLandscapeRight";
				INFOPLIST_KEY_UISupportedInterfaceOrientations_iPhone = "UIInterfaceOrientationPortrait UIInterfaceOrientationLandscapeLeft UIInterfaceOrientationLandscapeRight";
				LD_RUNPATH_SEARCH_PATHS = (
					"$(inherited)",
					"@executable_path/Frameworks",
				);
				MARKETING_VERSION = 1.0;
				PRODUCT_BUNDLE_IDENTIFIER = com.virginialombardii.TheMovieApp;
				PRODUCT_NAME = "$(TARGET_NAME)";
				SWIFT_EMIT_LOC_STRINGS = YES;
				SWIFT_VERSION = 5.0;
				TARGETED_DEVICE_FAMILY = "1,2";
			};
			name = Debug;
		};
		13FF4C212C7197D2001ABF70 /* Release */ = {
			isa = XCBuildConfiguration;
			buildSettings = {
				ASSETCATALOG_COMPILER_APPICON_NAME = AppIcon;
				ASSETCATALOG_COMPILER_GLOBAL_ACCENT_COLOR_NAME = AccentColor;
				CODE_SIGN_STYLE = Automatic;
				CURRENT_PROJECT_VERSION = 1;
				DEVELOPMENT_ASSET_PATHS = "\"TheMovieApp/Preview Content\"";
				ENABLE_PREVIEWS = YES;
				GENERATE_INFOPLIST_FILE = YES;
				INFOPLIST_KEY_UIApplicationSceneManifest_Generation = YES;
				INFOPLIST_KEY_UIApplicationSupportsIndirectInputEvents = YES;
				INFOPLIST_KEY_UILaunchScreen_Generation = YES;
				INFOPLIST_KEY_UISupportedInterfaceOrientations_iPad = "UIInterfaceOrientationPortrait UIInterfaceOrientationPortraitUpsideDown UIInterfaceOrientationLandscapeLeft UIInterfaceOrientationLandscapeRight";
				INFOPLIST_KEY_UISupportedInterfaceOrientations_iPhone = "UIInterfaceOrientationPortrait UIInterfaceOrientationLandscapeLeft UIInterfaceOrientationLandscapeRight";
				LD_RUNPATH_SEARCH_PATHS = (
					"$(inherited)",
					"@executable_path/Frameworks",
				);
				MARKETING_VERSION = 1.0;
				PRODUCT_BUNDLE_IDENTIFIER = com.virginialombardii.TheMovieApp;
				PRODUCT_NAME = "$(TARGET_NAME)";
				SWIFT_EMIT_LOC_STRINGS = YES;
				SWIFT_VERSION = 5.0;
				TARGETED_DEVICE_FAMILY = "1,2";
			};
			name = Release;
		};
		13FF4C232C7197D2001ABF70 /* Debug */ = {
			isa = XCBuildConfiguration;
			buildSettings = {
				ALWAYS_EMBED_SWIFT_STANDARD_LIBRARIES = YES;
				BUNDLE_LOADER = "$(TEST_HOST)";
				CODE_SIGN_STYLE = Automatic;
				CURRENT_PROJECT_VERSION = 1;
				GENERATE_INFOPLIST_FILE = YES;
				IPHONEOS_DEPLOYMENT_TARGET = 17.5;
				MARKETING_VERSION = 1.0;
				PRODUCT_BUNDLE_IDENTIFIER = com.virginialombardii.TheMovieAppTests;
				PRODUCT_NAME = "$(TARGET_NAME)";
				SWIFT_EMIT_LOC_STRINGS = NO;
				SWIFT_VERSION = 5.0;
				TARGETED_DEVICE_FAMILY = "1,2";
				TEST_HOST = "$(BUILT_PRODUCTS_DIR)/TheMovieApp.app/$(BUNDLE_EXECUTABLE_FOLDER_PATH)/TheMovieApp";
			};
			name = Debug;
		};
		13FF4C242C7197D2001ABF70 /* Release */ = {
			isa = XCBuildConfiguration;
			buildSettings = {
				ALWAYS_EMBED_SWIFT_STANDARD_LIBRARIES = YES;
				BUNDLE_LOADER = "$(TEST_HOST)";
				CODE_SIGN_STYLE = Automatic;
				CURRENT_PROJECT_VERSION = 1;
				GENERATE_INFOPLIST_FILE = YES;
				IPHONEOS_DEPLOYMENT_TARGET = 17.5;
				MARKETING_VERSION = 1.0;
				PRODUCT_BUNDLE_IDENTIFIER = com.virginialombardii.TheMovieAppTests;
				PRODUCT_NAME = "$(TARGET_NAME)";
				SWIFT_EMIT_LOC_STRINGS = NO;
				SWIFT_VERSION = 5.0;
				TARGETED_DEVICE_FAMILY = "1,2";
				TEST_HOST = "$(BUILT_PRODUCTS_DIR)/TheMovieApp.app/$(BUNDLE_EXECUTABLE_FOLDER_PATH)/TheMovieApp";
			};
			name = Release;
		};
		13FF4C262C7197D2001ABF70 /* Debug */ = {
			isa = XCBuildConfiguration;
			buildSettings = {
				ALWAYS_EMBED_SWIFT_STANDARD_LIBRARIES = YES;
				CODE_SIGN_STYLE = Automatic;
				CURRENT_PROJECT_VERSION = 1;
				GENERATE_INFOPLIST_FILE = YES;
				MARKETING_VERSION = 1.0;
				PRODUCT_BUNDLE_IDENTIFIER = com.virginialombardii.TheMovieAppUITests;
				PRODUCT_NAME = "$(TARGET_NAME)";
				SWIFT_EMIT_LOC_STRINGS = NO;
				SWIFT_VERSION = 5.0;
				TARGETED_DEVICE_FAMILY = "1,2";
				TEST_TARGET_NAME = TheMovieApp;
			};
			name = Debug;
		};
		13FF4C272C7197D2001ABF70 /* Release */ = {
			isa = XCBuildConfiguration;
			buildSettings = {
				ALWAYS_EMBED_SWIFT_STANDARD_LIBRARIES = YES;
				CODE_SIGN_STYLE = Automatic;
				CURRENT_PROJECT_VERSION = 1;
				GENERATE_INFOPLIST_FILE = YES;
				MARKETING_VERSION = 1.0;
				PRODUCT_BUNDLE_IDENTIFIER = com.virginialombardii.TheMovieAppUITests;
				PRODUCT_NAME = "$(TARGET_NAME)";
				SWIFT_EMIT_LOC_STRINGS = NO;
				SWIFT_VERSION = 5.0;
				TARGETED_DEVICE_FAMILY = "1,2";
				TEST_TARGET_NAME = TheMovieApp;
			};
			name = Release;
		};
/* End XCBuildConfiguration section */

/* Begin XCConfigurationList section */
		13FF4BF62C7197D0001ABF70 /* Build configuration list for PBXProject "TheMovieApp" */ = {
			isa = XCConfigurationList;
			buildConfigurations = (
				13FF4C1D2C7197D2001ABF70 /* Debug */,
				13FF4C1E2C7197D2001ABF70 /* Release */,
			);
			defaultConfigurationIsVisible = 0;
			defaultConfigurationName = Release;
		};
		13FF4C1F2C7197D2001ABF70 /* Build configuration list for PBXNativeTarget "TheMovieApp" */ = {
			isa = XCConfigurationList;
			buildConfigurations = (
				13FF4C202C7197D2001ABF70 /* Debug */,
				13FF4C212C7197D2001ABF70 /* Release */,
			);
			defaultConfigurationIsVisible = 0;
			defaultConfigurationName = Release;
		};
		13FF4C222C7197D2001ABF70 /* Build configuration list for PBXNativeTarget "TheMovieAppTests" */ = {
			isa = XCConfigurationList;
			buildConfigurations = (
				13FF4C232C7197D2001ABF70 /* Debug */,
				13FF4C242C7197D2001ABF70 /* Release */,
			);
			defaultConfigurationIsVisible = 0;
			defaultConfigurationName = Release;
		};
		13FF4C252C7197D2001ABF70 /* Build configuration list for PBXNativeTarget "TheMovieAppUITests" */ = {
			isa = XCConfigurationList;
			buildConfigurations = (
				13FF4C262C7197D2001ABF70 /* Debug */,
				13FF4C272C7197D2001ABF70 /* Release */,
			);
			defaultConfigurationIsVisible = 0;
			defaultConfigurationName = Release;
		};
/* End XCConfigurationList section */
	};
	rootObject = 13FF4BF32C7197D0001ABF70 /* Project object */;
}
